
Microsoft Visual Studio Solution File, Format Version 12.00
# Visual Studio Version 17
VisualStudioVersion = 17.6.33829.357
MinimumVisualStudioVersion = 10.0.40219.1
Project("{FAE04EC0-301F-11D3-BF4B-00C04F79EFBC}") = "cs_m5", "cs_m5\cs_m5.csproj", "{7222DC0E-975D-4289-BEEB-46FA4424DD96}"
EndProject
Global
	GlobalSection(SolutionConfigurationPlatforms) = preSolution
		Debug|Any CPU = Debug|Any CPU
		Release|Any CPU = Release|Any CPU
	EndGlobalSection
	GlobalSection(ProjectConfigurationPlatforms) = postSolution
		{7222DC0E-975D-4289-BEEB-46FA4424DD96}.Debug|Any CPU.ActiveCfg = Debug|Any CPU
		{7222DC0E-975D-4289-BEEB-46FA4424DD96}.Debug|Any CPU.Build.0 = Debug|Any CPU
		{7222DC0E-975D-4289-BEEB-46FA4424DD96}.Release|Any CPU.ActiveCfg = Release|Any CPU
		{7222DC0E-975D-4289-BEEB-46FA4424DD96}.Release|Any CPU.Build.0 = Release|Any CPU
	EndGlobalSection
	GlobalSection(SolutionProperties) = preSolution
		HideSolutionNode = FALSE
	EndGlobalSection
	GlobalSection(ExtensibilityGlobals) = postSolution
		SolutionGuid = {C3F1C52E-9656-47CF-BE29-C7E8ADB9E8B9}
	EndGlobalSection
EndGlobal
